
Microsoft Visual Studio Solution File, Format Version 12.00
# Visual Studio Version 17
VisualStudioVersion = 17.2.32210.308
MinimumVisualStudioVersion = 10.0.40219.1
Project("{9A19103F-16F7-4668-BE54-9A1E7A4F7556}") = "SpaceBar.PlayerState", "SpaceBar.PlayerState.csproj", "{8396AF64-3CE5-4CEB-B3FC-9FFD239354EA}"
EndProject
Global
	GlobalSection(SolutionConfigurationPlatforms) = preSolution
		Debug|Any CPU = Debug|Any CPU
		Release|Any CPU = Release|Any CPU
	EndGlobalSection
	GlobalSection(ProjectConfigurationPlatforms) = postSolution
		{8396AF64-3CE5-4CEB-B3FC-9FFD239354EA}.Debug|Any CPU.ActiveCfg = Debug|Any CPU
		{8396AF64-3CE5-4CEB-B3FC-9FFD239354EA}.Debug|Any CPU.Build.0 = Debug|Any CPU
		{8396AF64-3CE5-4CEB-B3FC-9FFD239354EA}.Release|Any CPU.ActiveCfg = Release|Any CPU
		{8396AF64-3CE5-4CEB-B3FC-9FFD239354EA}.Release|Any CPU.Build.0 = Release|Any CPU
	EndGlobalSection
	GlobalSection(SolutionProperties) = preSolution
		HideSolutionNode = FALSE
	EndGlobalSection
	GlobalSection(ExtensibilityGlobals) = postSolution
		SolutionGuid = {ED33E4DE-83C0-4E43-AA88-27D533A6B3E4}
	EndGlobalSection
EndGlobal
